
Microsoft Visual Studio Solution File, Format Version 12.00
# Visual Studio 15
VisualStudioVersion = 15.0.28307.106
MinimumVisualStudioVersion = 10.0.40219.1
Project("{9A19103F-16F7-4668-BE54-9A1E7A4F7556}") = "HemNet_Azure", "HemNet\HemNet_Azure.csproj", "{D1C61243-E4AB-485D-8DBF-EF46E7110EC6}"
EndProject
Project("{FAE04EC0-301F-11D3-BF4B-00C04F79EFBC}") = "HemNet_Azure.Test", "HemNet_Azure.Test\HemNet_Azure.Test.csproj", "{2DD53EF2-4425-4926-974F-D0E62D3D8DD8}"
EndProject
Global
	GlobalSection(SolutionConfigurationPlatforms) = preSolution
		Debug|Any CPU = Debug|Any CPU
		Release|Any CPU = Release|Any CPU
	EndGlobalSection
	GlobalSection(ProjectConfigurationPlatforms) = postSolution
		{D1C61243-E4AB-485D-8DBF-EF46E7110EC6}.Debug|Any CPU.ActiveCfg = Debug|Any CPU
		{D1C61243-E4AB-485D-8DBF-EF46E7110EC6}.Debug|Any CPU.Build.0 = Debug|Any CPU
		{D1C61243-E4AB-485D-8DBF-EF46E7110EC6}.Release|Any CPU.ActiveCfg = Release|Any CPU
		{D1C61243-E4AB-485D-8DBF-EF46E7110EC6}.Release|Any CPU.Build.0 = Release|Any CPU
		{2DD53EF2-4425-4926-974F-D0E62D3D8DD8}.Debug|Any CPU.ActiveCfg = Debug|Any CPU
		{2DD53EF2-4425-4926-974F-D0E62D3D8DD8}.Debug|Any CPU.Build.0 = Debug|Any CPU
		{2DD53EF2-4425-4926-974F-D0E62D3D8DD8}.Release|Any CPU.ActiveCfg = Release|Any CPU
		{2DD53EF2-4425-4926-974F-D0E62D3D8DD8}.Release|Any CPU.Build.0 = Release|Any CPU
	EndGlobalSection
	GlobalSection(SolutionProperties) = preSolution
		HideSolutionNode = FALSE
	EndGlobalSection
	GlobalSection(ExtensibilityGlobals) = postSolution
		SolutionGuid = {C213BEE0-4341-4BA2-8CF8-33E0B94216FC}
	EndGlobalSection
EndGlobal
